
Microsoft Visual Studio Solution File, Format Version 12.00
# Visual Studio 14
VisualStudioVersion = 14.0.25420.1
MinimumVisualStudioVersion = 10.0.40219.1
Project("{FAE04EC0-301F-11D3-BF4B-00C04F79EFBC}") = "QQNetExtension", "QQNetExtension\QQNetExtension.csproj", "{1CDDBCB5-A961-4E87-98BD-EB176D7259EC}"
EndProject
Project("{FAE04EC0-301F-11D3-BF4B-00C04F79EFBC}") = "XQ.DBHelper", "DBHelper\XQ.DBHelper.csproj", "{17D57A71-5CDD-438B-94D0-5C59A89F6282}"
EndProject
Project("{2150E333-8FDC-42A3-9474-1A3956D46DE8}") = "Lib", "Lib", "{C43B52B8-07C6-46F5-8CCB-AB2AC97CB7E0}"
EndProject
Global
	GlobalSection(SolutionConfigurationPlatforms) = preSolution
		Debug|Any CPU = Debug|Any CPU
		Release|Any CPU = Release|Any CPU
	EndGlobalSection
	GlobalSection(ProjectConfigurationPlatforms) = postSolution
		{1CDDBCB5-A961-4E87-98BD-EB176D7259EC}.Debug|Any CPU.ActiveCfg = Debug|Any CPU
		{1CDDBCB5-A961-4E87-98BD-EB176D7259EC}.Debug|Any CPU.Build.0 = Debug|Any CPU
		{1CDDBCB5-A961-4E87-98BD-EB176D7259EC}.Release|Any CPU.ActiveCfg = Release|Any CPU
		{1CDDBCB5-A961-4E87-98BD-EB176D7259EC}.Release|Any CPU.Build.0 = Release|Any CPU
		{17D57A71-5CDD-438B-94D0-5C59A89F6282}.Debug|Any CPU.ActiveCfg = Debug|Any CPU
		{17D57A71-5CDD-438B-94D0-5C59A89F6282}.Debug|Any CPU.Build.0 = Debug|Any CPU
		{17D57A71-5CDD-438B-94D0-5C59A89F6282}.Release|Any CPU.ActiveCfg = Release|Any CPU
		{17D57A71-5CDD-438B-94D0-5C59A89F6282}.Release|Any CPU.Build.0 = Release|Any CPU
	EndGlobalSection
	GlobalSection(SolutionProperties) = preSolution
		HideSolutionNode = FALSE
	EndGlobalSection
EndGlobal
